// !$*UTF8*$!
{
	archiveVersion = 1;
	classes = {
	};
	objectVersion = 56;
	objects = {

/* Begin PBXBuildFile section */
		D60A9B092992693300749EB6 /* 5by7.ttf in Resources */ = {isa = PBXBuildFile; fileRef = D60A9B082992693300749EB6 /* 5by7.ttf */; };
		D60A9B0A2992693300749EB6 /* 5by7.ttf in Resources */ = {isa = PBXBuildFile; fileRef = D60A9B082992693300749EB6 /* 5by7.ttf */; };
		D60A9B0B2992693300749EB6 /* 5by7.ttf in Resources */ = {isa = PBXBuildFile; fileRef = D60A9B082992693300749EB6 /* 5by7.ttf */; };
		D60C145E29697E7B003E10D4 /* Nothing_X_MacOSApp.swift in Sources */ = {isa = PBXBuildFile; fileRef = D60C145D29697E7B003E10D4 /* Nothing_X_MacOSApp.swift */; };
		D60C146029697E7B003E10D4 /* ContentView.swift in Sources */ = {isa = PBXBuildFile; fileRef = D60C145F29697E7B003E10D4 /* ContentView.swift */; };
		D60C146229697E7C003E10D4 /* Assets.xcassets in Resources */ = {isa = PBXBuildFile; fileRef = D60C146129697E7C003E10D4 /* Assets.xcassets */; };
		D60C146529697E7C003E10D4 /* Preview Assets.xcassets in Resources */ = {isa = PBXBuildFile; fileRef = D60C146429697E7C003E10D4 /* Preview Assets.xcassets */; };
		D60C147029697E7C003E10D4 /* Nothing_X_MacOSTests.swift in Sources */ = {isa = PBXBuildFile; fileRef = D60C146F29697E7C003E10D4 /* Nothing_X_MacOSTests.swift */; };
		D60C147A29697E7D003E10D4 /* Nothing_X_MacOSUITests.swift in Sources */ = {isa = PBXBuildFile; fileRef = D60C147929697E7D003E10D4 /* Nothing_X_MacOSUITests.swift */; };
		D60C147C29697E7D003E10D4 /* Nothing_X_MacOSUITestsLaunchTests.swift in Sources */ = {isa = PBXBuildFile; fileRef = D60C147B29697E7D003E10D4 /* Nothing_X_MacOSUITestsLaunchTests.swift */; };
		D60C148A2969A98C003E10D4 /* BluetoothManager.swift in Sources */ = {isa = PBXBuildFile; fileRef = D60C14892969A98C003E10D4 /* BluetoothManager.swift */; };
		D66E5C1A29941C940001BF82 /* ear_1_2x.png in Resources */ = {isa = PBXBuildFile; fileRef = D66E5C1729941C940001BF82 /* ear_1_2x.png */; };
		D66E5C1B29941C940001BF82 /* ear_1.png in Resources */ = {isa = PBXBuildFile; fileRef = D66E5C1829941C940001BF82 /* ear_1.png */; };
		D66E5C1C29941C940001BF82 /* ear_1_3x.png in Resources */ = {isa = PBXBuildFile; fileRef = D66E5C1929941C940001BF82 /* ear_1_3x.png */; };
/* End PBXBuildFile section */

/* Begin PBXContainerItemProxy section */
		D60C146C29697E7C003E10D4 /* PBXContainerItemProxy */ = {
			isa = PBXContainerItemProxy;
			containerPortal = D60C145229697E7B003E10D4 /* Project object */;
			proxyType = 1;
			remoteGlobalIDString = D60C145929697E7B003E10D4;
			remoteInfo = "Nothing X MacOS";
		};
		D60C147629697E7D003E10D4 /* PBXContainerItemProxy */ = {
			isa = PBXContainerItemProxy;
			containerPortal = D60C145229697E7B003E10D4 /* Project object */;
			proxyType = 1;
			remoteGlobalIDString = D60C145929697E7B003E10D4;
			remoteInfo = "Nothing X MacOS";
		};
/* End PBXContainerItemProxy section */

/* Begin PBXFileReference section */
		D60A9B082992693300749EB6 /* 5by7.ttf */ = {isa = PBXFileReference; lastKnownFileType = file; path = 5by7.ttf; sourceTree = "<group>"; };
		D60C145A29697E7B003E10D4 /* Nothing X MacOS.app */ = {isa = PBXFileReference; explicitFileType = wrapper.application; includeInIndex = 0; path = "Nothing X MacOS.app"; sourceTree = BUILT_PRODUCTS_DIR; };
		D60C145D29697E7B003E10D4 /* Nothing_X_MacOSApp.swift */ = {isa = PBXFileReference; lastKnownFileType = sourcecode.swift; path = Nothing_X_MacOSApp.swift; sourceTree = "<group>"; };
		D60C145F29697E7B003E10D4 /* ContentView.swift */ = {isa = PBXFileReference; lastKnownFileType = sourcecode.swift; path = ContentView.swift; sourceTree = "<group>"; };
		D60C146129697E7C003E10D4 /* Assets.xcassets */ = {isa = PBXFileReference; lastKnownFileType = folder.assetcatalog; path = Assets.xcassets; sourceTree = "<group>"; };
		D60C146429697E7C003E10D4 /* Preview Assets.xcassets */ = {isa = PBXFileReference; lastKnownFileType = folder.assetcatalog; path = "Preview Assets.xcassets"; sourceTree = "<group>"; };
		D60C146629697E7C003E10D4 /* Nothing_X_MacOS.entitlements */ = {isa = PBXFileReference; lastKnownFileType = text.plist.entitlements; path = Nothing_X_MacOS.entitlements; sourceTree = "<group>"; };
		D60C146B29697E7C003E10D4 /* Nothing X MacOSTests.xctest */ = {isa = PBXFileReference; explicitFileType = wrapper.cfbundle; includeInIndex = 0; path = "Nothing X MacOSTests.xctest"; sourceTree = BUILT_PRODUCTS_DIR; };
		D60C146F29697E7C003E10D4 /* Nothing_X_MacOSTests.swift */ = {isa = PBXFileReference; lastKnownFileType = sourcecode.swift; path = Nothing_X_MacOSTests.swift; sourceTree = "<group>"; };
		D60C147529697E7D003E10D4 /* Nothing X MacOSUITests.xctest */ = {isa = PBXFileReference; explicitFileType = wrapper.cfbundle; includeInIndex = 0; path = "Nothing X MacOSUITests.xctest"; sourceTree = BUILT_PRODUCTS_DIR; };
		D60C147929697E7D003E10D4 /* Nothing_X_MacOSUITests.swift */ = {isa = PBXFileReference; lastKnownFileType = sourcecode.swift; path = Nothing_X_MacOSUITests.swift; sourceTree = "<group>"; };
		D60C147B29697E7D003E10D4 /* Nothing_X_MacOSUITestsLaunchTests.swift */ = {isa = PBXFileReference; lastKnownFileType = sourcecode.swift; path = Nothing_X_MacOSUITestsLaunchTests.swift; sourceTree = "<group>"; };
		D60C148829699B4D003E10D4 /* Nothing-X-MacOS-Info.plist */ = {isa = PBXFileReference; lastKnownFileType = text.plist; path = "Nothing-X-MacOS-Info.plist"; sourceTree = SOURCE_ROOT; };
		D60C14892969A98C003E10D4 /* BluetoothManager.swift */ = {isa = PBXFileReference; lastKnownFileType = sourcecode.swift; path = BluetoothManager.swift; sourceTree = "<group>"; };
		D66E5C1729941C940001BF82 /* ear_1_2x.png */ = {isa = PBXFileReference; lastKnownFileType = image.png; path = ear_1_2x.png; sourceTree = "<group>"; };
		D66E5C1829941C940001BF82 /* ear_1.png */ = {isa = PBXFileReference; lastKnownFileType = image.png; path = ear_1.png; sourceTree = "<group>"; };
		D66E5C1929941C940001BF82 /* ear_1_3x.png */ = {isa = PBXFileReference; lastKnownFileType = image.png; path = ear_1_3x.png; sourceTree = "<group>"; };
/* End PBXFileReference section */

/* Begin PBXFrameworksBuildPhase section */
		D60C145729697E7B003E10D4 /* Frameworks */ = {
			isa = PBXFrameworksBuildPhase;
			buildActionMask = 2147483647;
			files = (
			);
			runOnlyForDeploymentPostprocessing = 0;
		};
		D60C146829697E7C003E10D4 /* Frameworks */ = {
			isa = PBXFrameworksBuildPhase;
			buildActionMask = 2147483647;
			files = (
			);
			runOnlyForDeploymentPostprocessing = 0;
		};
		D60C147229697E7D003E10D4 /* Frameworks */ = {
			isa = PBXFrameworksBuildPhase;
			buildActionMask = 2147483647;
			files = (
			);
			runOnlyForDeploymentPostprocessing = 0;
		};
/* End PBXFrameworksBuildPhase section */

/* Begin PBXGroup section */
		D60A9B02299265D000749EB6 /* Resources */ = {
			isa = PBXGroup;
			children = (
				D6968CEC299419780010C54D /* Images */,
				D60A9B07299268ED00749EB6 /* Fonts */,
			);
			path = Resources;
			sourceTree = "<group>";
		};
		D60A9B03299265E400749EB6 /* Views */ = {
			isa = PBXGroup;
			children = (
			);
			path = Views;
			sourceTree = "<group>";
		};
		D60A9B04299265F600749EB6 /* Models */ = {
			isa = PBXGroup;
			children = (
			);
			path = Models;
			sourceTree = "<group>";
		};
		D60A9B05299265FF00749EB6 /* Stores */ = {
			isa = PBXGroup;
			children = (
			);
			path = Stores;
			sourceTree = "<group>";
		};
		D60A9B062992660B00749EB6 /* Controllers */ = {
			isa = PBXGroup;
			children = (
			);
			path = Controllers;
			sourceTree = "<group>";
		};
		D60A9B07299268ED00749EB6 /* Fonts */ = {
			isa = PBXGroup;
			children = (
				D60A9B082992693300749EB6 /* 5by7.ttf */,
			);
			path = Fonts;
			sourceTree = "<group>";
		};
		D60C145129697E7B003E10D4 = {
			isa = PBXGroup;
			children = (
				D60C145C29697E7B003E10D4 /* Nothing X MacOS */,
				D60C146E29697E7C003E10D4 /* Nothing X MacOSTests */,
				D60C147829697E7D003E10D4 /* Nothing X MacOSUITests */,
				D60C145B29697E7B003E10D4 /* Products */,
			);
			sourceTree = "<group>";
		};
		D60C145B29697E7B003E10D4 /* Products */ = {
			isa = PBXGroup;
			children = (
				D60C145A29697E7B003E10D4 /* Nothing X MacOS.app */,
				D60C146B29697E7C003E10D4 /* Nothing X MacOSTests.xctest */,
				D60C147529697E7D003E10D4 /* Nothing X MacOSUITests.xctest */,
			);
			name = Products;
			sourceTree = "<group>";
		};
		D60C145C29697E7B003E10D4 /* Nothing X MacOS */ = {
			isa = PBXGroup;
			children = (
				D60A9B062992660B00749EB6 /* Controllers */,
				D60A9B05299265FF00749EB6 /* Stores */,
				D60A9B04299265F600749EB6 /* Models */,
				D60A9B03299265E400749EB6 /* Views */,
				D60A9B02299265D000749EB6 /* Resources */,
				D60C148829699B4D003E10D4 /* Nothing-X-MacOS-Info.plist */,
				D60C145D29697E7B003E10D4 /* Nothing_X_MacOSApp.swift */,
				D60C145F29697E7B003E10D4 /* ContentView.swift */,
				D60C146129697E7C003E10D4 /* Assets.xcassets */,
				D60C146629697E7C003E10D4 /* Nothing_X_MacOS.entitlements */,
				D60C146329697E7C003E10D4 /* Preview Content */,
				D60C14892969A98C003E10D4 /* BluetoothManager.swift */,
			);
			path = "Nothing X MacOS";
			sourceTree = "<group>";
		};
		D60C146329697E7C003E10D4 /* Preview Content */ = {
			isa = PBXGroup;
			children = (
				D60C146429697E7C003E10D4 /* Preview Assets.xcassets */,
			);
			path = "Preview Content";
			sourceTree = "<group>";
		};
		D60C146E29697E7C003E10D4 /* Nothing X MacOSTests */ = {
			isa = PBXGroup;
			children = (
				D60C146F29697E7C003E10D4 /* Nothing_X_MacOSTests.swift */,
			);
			path = "Nothing X MacOSTests";
			sourceTree = "<group>";
		};
		D60C147829697E7D003E10D4 /* Nothing X MacOSUITests */ = {
			isa = PBXGroup;
			children = (
				D60C147929697E7D003E10D4 /* Nothing_X_MacOSUITests.swift */,
				D60C147B29697E7D003E10D4 /* Nothing_X_MacOSUITestsLaunchTests.swift */,
			);
			path = "Nothing X MacOSUITests";
			sourceTree = "<group>";
		};
		D6968CEC299419780010C54D /* Images */ = {
			isa = PBXGroup;
			children = (
				D66E5C1729941C940001BF82 /* ear_1_2x.png */,
				D66E5C1929941C940001BF82 /* ear_1_3x.png */,
				D66E5C1829941C940001BF82 /* ear_1.png */,
			);
			path = Images;
			sourceTree = "<group>";
		};
/* End PBXGroup section */

/* Begin PBXNativeTarget section */
		D60C145929697E7B003E10D4 /* Nothing X MacOS */ = {
			isa = PBXNativeTarget;
			buildConfigurationList = D60C147F29697E7D003E10D4 /* Build configuration list for PBXNativeTarget "Nothing X MacOS" */;
			buildPhases = (
				D60C145629697E7B003E10D4 /* Sources */,
				D60C145729697E7B003E10D4 /* Frameworks */,
				D60C145829697E7B003E10D4 /* Resources */,
			);
			buildRules = (
			);
			dependencies = (
			);
			name = "Nothing X MacOS";
			productName = "Nothing X MacOS";
			productReference = D60C145A29697E7B003E10D4 /* Nothing X MacOS.app */;
			productType = "com.apple.product-type.application";
		};
		D60C146A29697E7C003E10D4 /* Nothing X MacOSTests */ = {
			isa = PBXNativeTarget;
			buildConfigurationList = D60C148229697E7D003E10D4 /* Build configuration list for PBXNativeTarget "Nothing X MacOSTests" */;
			buildPhases = (
				D60C146729697E7C003E10D4 /* Sources */,
				D60C146829697E7C003E10D4 /* Frameworks */,
				D60C146929697E7C003E10D4 /* Resources */,
			);
			buildRules = (
			);
			dependencies = (
				D60C146D29697E7C003E10D4 /* PBXTargetDependency */,
			);
			name = "Nothing X MacOSTests";
			productName = "Nothing X MacOSTests";
			productReference = D60C146B29697E7C003E10D4 /* Nothing X MacOSTests.xctest */;
			productType = "com.apple.product-type.bundle.unit-test";
		};
		D60C147429697E7D003E10D4 /* Nothing X MacOSUITests */ = {
			isa = PBXNativeTarget;
			buildConfigurationList = D60C148529697E7D003E10D4 /* Build configuration list for PBXNativeTarget "Nothing X MacOSUITests" */;
			buildPhases = (
				D60C147129697E7D003E10D4 /* Sources */,
				D60C147229697E7D003E10D4 /* Frameworks */,
				D60C147329697E7D003E10D4 /* Resources */,
			);
			buildRules = (
			);
			dependencies = (
				D60C147729697E7D003E10D4 /* PBXTargetDependency */,
			);
			name = "Nothing X MacOSUITests";
			productName = "Nothing X MacOSUITests";
			productReference = D60C147529697E7D003E10D4 /* Nothing X MacOSUITests.xctest */;
			productType = "com.apple.product-type.bundle.ui-testing";
		};
/* End PBXNativeTarget section */

/* Begin PBXProject section */
		D60C145229697E7B003E10D4 /* Project object */ = {
			isa = PBXProject;
			attributes = {
				BuildIndependentTargetsInParallel = 1;
				LastSwiftUpdateCheck = 1420;
				LastUpgradeCheck = 1420;
				TargetAttributes = {
					D60C145929697E7B003E10D4 = {
						CreatedOnToolsVersion = 14.2;
					};
					D60C146A29697E7C003E10D4 = {
						CreatedOnToolsVersion = 14.2;
						TestTargetID = D60C145929697E7B003E10D4;
					};
					D60C147429697E7D003E10D4 = {
						CreatedOnToolsVersion = 14.2;
						TestTargetID = D60C145929697E7B003E10D4;
					};
				};
			};
			buildConfigurationList = D60C145529697E7B003E10D4 /* Build configuration list for PBXProject "Nothing X MacOS" */;
			compatibilityVersion = "Xcode 14.0";
			developmentRegion = en;
			hasScannedForEncodings = 0;
			knownRegions = (
				en,
				Base,
			);
			mainGroup = D60C145129697E7B003E10D4;
			productRefGroup = D60C145B29697E7B003E10D4 /* Products */;
			projectDirPath = "";
			projectRoot = "";
			targets = (
				D60C145929697E7B003E10D4 /* Nothing X MacOS */,
				D60C146A29697E7C003E10D4 /* Nothing X MacOSTests */,
				D60C147429697E7D003E10D4 /* Nothing X MacOSUITests */,
			);
		};
/* End PBXProject section */

/* Begin PBXResourcesBuildPhase section */
		D60C145829697E7B003E10D4 /* Resources */ = {
			isa = PBXResourcesBuildPhase;
			buildActionMask = 2147483647;
			files = (
				D66E5C1A29941C940001BF82 /* ear_1_2x.png in Resources */,
				D66E5C1B29941C940001BF82 /* ear_1.png in Resources */,
				D60A9B092992693300749EB6 /* 5by7.ttf in Resources */,
				D60C146529697E7C003E10D4 /* Preview Assets.xcassets in Resources */,
				D60C146229697E7C003E10D4 /* Assets.xcassets in Resources */,
				D66E5C1C29941C940001BF82 /* ear_1_3x.png in Resources */,
			);
			runOnlyForDeploymentPostprocessing = 0;
		};
		D60C146929697E7C003E10D4 /* Resources */ = {
			isa = PBXResourcesBuildPhase;
			buildActionMask = 2147483647;
			files = (
				D60A9B0A2992693300749EB6 /* 5by7.ttf in Resources */,
			);
			runOnlyForDeploymentPostprocessing = 0;
		};
		D60C147329697E7D003E10D4 /* Resources */ = {
			isa = PBXResourcesBuildPhase;
			buildActionMask = 2147483647;
			files = (
				D60A9B0B2992693300749EB6 /* 5by7.ttf in Resources */,
			);
			runOnlyForDeploymentPostprocessing = 0;
		};
/* End PBXResourcesBuildPhase section */

/* Begin PBXSourcesBuildPhase section */
		D60C145629697E7B003E10D4 /* Sources */ = {
			isa = PBXSourcesBuildPhase;
			buildActionMask = 2147483647;
			files = (
				D60C146029697E7B003E10D4 /* ContentView.swift in Sources */,
				D60C148A2969A98C003E10D4 /* BluetoothManager.swift in Sources */,
				D60C145E29697E7B003E10D4 /* Nothing_X_MacOSApp.swift in Sources */,
			);
			runOnlyForDeploymentPostprocessing = 0;
		};
		D60C146729697E7C003E10D4 /* Sources */ = {
			isa = PBXSourcesBuildPhase;
			buildActionMask = 2147483647;
			files = (
				D60C147029697E7C003E10D4 /* Nothing_X_MacOSTests.swift in Sources */,
			);
			runOnlyForDeploymentPostprocessing = 0;
		};
		D60C147129697E7D003E10D4 /* Sources */ = {
			isa = PBXSourcesBuildPhase;
			buildActionMask = 2147483647;
			files = (
				D60C147A29697E7D003E10D4 /* Nothing_X_MacOSUITests.swift in Sources */,
				D60C147C29697E7D003E10D4 /* Nothing_X_MacOSUITestsLaunchTests.swift in Sources */,
			);
			runOnlyForDeploymentPostprocessing = 0;
		};
/* End PBXSourcesBuildPhase section */

/* Begin PBXTargetDependency section */
		D60C146D29697E7C003E10D4 /* PBXTargetDependency */ = {
			isa = PBXTargetDependency;
			target = D60C145929697E7B003E10D4 /* Nothing X MacOS */;
			targetProxy = D60C146C29697E7C003E10D4 /* PBXContainerItemProxy */;
		};
		D60C147729697E7D003E10D4 /* PBXTargetDependency */ = {
			isa = PBXTargetDependency;
			target = D60C145929697E7B003E10D4 /* Nothing X MacOS */;
			targetProxy = D60C147629697E7D003E10D4 /* PBXContainerItemProxy */;
		};
/* End PBXTargetDependency section */

/* Begin XCBuildConfiguration section */
		D60C147D29697E7D003E10D4 /* Debug */ = {
			isa = XCBuildConfiguration;
			buildSettings = {
				ALWAYS_SEARCH_USER_PATHS = NO;
				CLANG_ANALYZER_NONNULL = YES;
				CLANG_ANALYZER_NUMBER_OBJECT_CONVERSION = YES_AGGRESSIVE;
				CLANG_CXX_LANGUAGE_STANDARD = "gnu++20";
				CLANG_ENABLE_MODULES = YES;
				CLANG_ENABLE_OBJC_ARC = YES;
				CLANG_ENABLE_OBJC_WEAK = YES;
				CLANG_WARN_BLOCK_CAPTURE_AUTORELEASING = YES;
				CLANG_WARN_BOOL_CONVERSION = YES;
				CLANG_WARN_COMMA = YES;
				CLANG_WARN_CONSTANT_CONVERSION = YES;
				CLANG_WARN_DEPRECATED_OBJC_IMPLEMENTATIONS = YES;
				CLANG_WARN_DIRECT_OBJC_ISA_USAGE = YES_ERROR;
				CLANG_WARN_DOCUMENTATION_COMMENTS = YES;
				CLANG_WARN_EMPTY_BODY = YES;
				CLANG_WARN_ENUM_CONVERSION = YES;
				CLANG_WARN_INFINITE_RECURSION = YES;
				CLANG_WARN_INT_CONVERSION = YES;
				CLANG_WARN_NON_LITERAL_NULL_CONVERSION = YES;
				CLANG_WARN_OBJC_IMPLICIT_RETAIN_SELF = YES;
				CLANG_WARN_OBJC_LITERAL_CONVERSION = YES;
				CLANG_WARN_OBJC_ROOT_CLASS = YES_ERROR;
				CLANG_WARN_QUOTED_INCLUDE_IN_FRAMEWORK_HEADER = YES;
				CLANG_WARN_RANGE_LOOP_ANALYSIS = YES;
				CLANG_WARN_STRICT_PROTOTYPES = YES;
				CLANG_WARN_SUSPICIOUS_MOVE = YES;
				CLANG_WARN_UNGUARDED_AVAILABILITY = YES_AGGRESSIVE;
				CLANG_WARN_UNREACHABLE_CODE = YES;
				CLANG_WARN__DUPLICATE_METHOD_MATCH = YES;
				COPY_PHASE_STRIP = NO;
				DEBUG_INFORMATION_FORMAT = dwarf;
				ENABLE_STRICT_OBJC_MSGSEND = YES;
				ENABLE_TESTABILITY = YES;
				GCC_C_LANGUAGE_STANDARD = gnu11;
				GCC_DYNAMIC_NO_PIC = NO;
				GCC_NO_COMMON_BLOCKS = YES;
				GCC_OPTIMIZATION_LEVEL = 0;
				GCC_PREPROCESSOR_DEFINITIONS = (
					"DEBUG=1",
					"$(inherited)",
				);
				GCC_WARN_64_TO_32_BIT_CONVERSION = YES;
				GCC_WARN_ABOUT_RETURN_TYPE = YES_ERROR;
				GCC_WARN_UNDECLARED_SELECTOR = YES;
				GCC_WARN_UNINITIALIZED_AUTOS = YES_AGGRESSIVE;
				GCC_WARN_UNUSED_FUNCTION = YES;
				GCC_WARN_UNUSED_VARIABLE = YES;
				MACOSX_DEPLOYMENT_TARGET = 13.1;
				MTL_ENABLE_DEBUG_INFO = INCLUDE_SOURCE;
				MTL_FAST_MATH = YES;
				ONLY_ACTIVE_ARCH = YES;
				SDKROOT = macosx;
				SWIFT_ACTIVE_COMPILATION_CONDITIONS = DEBUG;
				SWIFT_OPTIMIZATION_LEVEL = "-Onone";
			};
			name = Debug;
		};
		D60C147E29697E7D003E10D4 /* Release */ = {
			isa = XCBuildConfiguration;
			buildSettings = {
				ALWAYS_SEARCH_USER_PATHS = NO;
				CLANG_ANALYZER_NONNULL = YES;
				CLANG_ANALYZER_NUMBER_OBJECT_CONVERSION = YES_AGGRESSIVE;
				CLANG_CXX_LANGUAGE_STANDARD = "gnu++20";
				CLANG_ENABLE_MODULES = YES;
				CLANG_ENABLE_OBJC_ARC = YES;
				CLANG_ENABLE_OBJC_WEAK = YES;
				CLANG_WARN_BLOCK_CAPTURE_AUTORELEASING = YES;
				CLANG_WARN_BOOL_CONVERSION = YES;
				CLANG_WARN_COMMA = YES;
				CLANG_WARN_CONSTANT_CONVERSION = YES;
				CLANG_WARN_DEPRECATED_OBJC_IMPLEMENTATIONS = YES;
				CLANG_WARN_DIRECT_OBJC_ISA_USAGE = YES_ERROR;
				CLANG_WARN_DOCUMENTATION_COMMENTS = YES;
				CLANG_WARN_EMPTY_BODY = YES;
				CLANG_WARN_ENUM_CONVERSION = YES;
				CLANG_WARN_INFINITE_RECURSION = YES;
				CLANG_WARN_INT_CONVERSION = YES;
				CLANG_WARN_NON_LITERAL_NULL_CONVERSION = YES;
				CLANG_WARN_OBJC_IMPLICIT_RETAIN_SELF = YES;
				CLANG_WARN_OBJC_LITERAL_CONVERSION = YES;
				CLANG_WARN_OBJC_ROOT_CLASS = YES_ERROR;
				CLANG_WARN_QUOTED_INCLUDE_IN_FRAMEWORK_HEADER = YES;
				CLANG_WARN_RANGE_LOOP_ANALYSIS = YES;
				CLANG_WARN_STRICT_PROTOTYPES = YES;
				CLANG_WARN_SUSPICIOUS_MOVE = YES;
				CLANG_WARN_UNGUARDED_AVAILABILITY = YES_AGGRESSIVE;
				CLANG_WARN_UNREACHABLE_CODE = YES;
				CLANG_WARN__DUPLICATE_METHOD_MATCH = YES;
				COPY_PHASE_STRIP = NO;
				DEBUG_INFORMATION_FORMAT = "dwarf-with-dsym";
				ENABLE_NS_ASSERTIONS = NO;
				ENABLE_STRICT_OBJC_MSGSEND = YES;
				GCC_C_LANGUAGE_STANDARD = gnu11;
				GCC_NO_COMMON_BLOCKS = YES;
				GCC_WARN_64_TO_32_BIT_CONVERSION = YES;
				GCC_WARN_ABOUT_RETURN_TYPE = YES_ERROR;
				GCC_WARN_UNDECLARED_SELECTOR = YES;
				GCC_WARN_UNINITIALIZED_AUTOS = YES_AGGRESSIVE;
				GCC_WARN_UNUSED_FUNCTION = YES;
				GCC_WARN_UNUSED_VARIABLE = YES;
				MACOSX_DEPLOYMENT_TARGET = 13.1;
				MTL_ENABLE_DEBUG_INFO = NO;
				MTL_FAST_MATH = YES;
				SDKROOT = macosx;
				SWIFT_COMPILATION_MODE = wholemodule;
				SWIFT_OPTIMIZATION_LEVEL = "-O";
			};
			name = Release;
		};
		D60C148029697E7D003E10D4 /* Debug */ = {
			isa = XCBuildConfiguration;
			buildSettings = {
				ASSETCATALOG_COMPILER_APPICON_NAME = AppIcon;
				ASSETCATALOG_COMPILER_GLOBAL_ACCENT_COLOR_NAME = AccentColor;
				CODE_SIGN_ENTITLEMENTS = "Nothing X MacOS/Nothing_X_MacOS.entitlements";
				CODE_SIGN_STYLE = Automatic;
				COMBINE_HIDPI_IMAGES = YES;
				CURRENT_PROJECT_VERSION = 1;
				DEVELOPMENT_ASSET_PATHS = "\"Nothing X MacOS/Preview Content\"";
				DEVELOPMENT_TEAM = ZDQ9CMTR26;
				ENABLE_HARDENED_RUNTIME = YES;
				ENABLE_PREVIEWS = YES;
				GENERATE_INFOPLIST_FILE = YES;
				INFOPLIST_FILE = "Nothing-X-MacOS-Info.plist";
				INFOPLIST_KEY_LSUIElement = YES;
				INFOPLIST_KEY_NSBluetoothAlwaysUsageDescription = "This app uses Bluetooth to find and maintain connections to your Nothing X's.";
				INFOPLIST_KEY_NSBluetoothPeripheralUsageDescription = "This app uses Bluetooth to find and maintain connections to your Nothing X's.";
				INFOPLIST_KEY_NSHumanReadableCopyright = "";
				LD_RUNPATH_SEARCH_PATHS = (
					"$(inherited)",
					"@executable_path/../Frameworks",
				);
				MARKETING_VERSION = 1.0;
				PRODUCT_BUNDLE_IDENTIFIER = "com.arunavoray.Nothing-X-MacOS";
				PRODUCT_NAME = "$(TARGET_NAME)";
				SWIFT_EMIT_LOC_STRINGS = YES;
				SWIFT_VERSION = 5.0;
			};
			name = Debug;
		};
		D60C148129697E7D003E10D4 /* Release */ = {
			isa = XCBuildConfiguration;
			buildSettings = {
				ASSETCATALOG_COMPILER_APPICON_NAME = AppIcon;
				ASSETCATALOG_COMPILER_GLOBAL_ACCENT_COLOR_NAME = AccentColor;
				CODE_SIGN_ENTITLEMENTS = "Nothing X MacOS/Nothing_X_MacOS.entitlements";
				CODE_SIGN_STYLE = Automatic;
				COMBINE_HIDPI_IMAGES = YES;
				CURRENT_PROJECT_VERSION = 1;
				DEVELOPMENT_ASSET_PATHS = "\"Nothing X MacOS/Preview Content\"";
				DEVELOPMENT_TEAM = ZDQ9CMTR26;
				ENABLE_HARDENED_RUNTIME = YES;
				ENABLE_PREVIEWS = YES;
				GENERATE_INFOPLIST_FILE = YES;
				INFOPLIST_FILE = "Nothing-X-MacOS-Info.plist";
				INFOPLIST_KEY_LSUIElement = YES;
				INFOPLIST_KEY_NSBluetoothAlwaysUsageDescription = "This app uses Bluetooth to find and maintain connections to your Nothing X's.";
				INFOPLIST_KEY_NSBluetoothPeripheralUsageDescription = "This app uses Bluetooth to find and maintain connections to your Nothing X's.";
				INFOPLIST_KEY_NSHumanReadableCopyright = "";
				LD_RUNPATH_SEARCH_PATHS = (
					"$(inherited)",
					"@executable_path/../Frameworks",
				);
				MARKETING_VERSION = 1.0;
				PRODUCT_BUNDLE_IDENTIFIER = "com.arunavoray.Nothing-X-MacOS";
				PRODUCT_NAME = "$(TARGET_NAME)";
				SWIFT_EMIT_LOC_STRINGS = YES;
				SWIFT_VERSION = 5.0;
			};
			name = Release;
		};
		D60C148329697E7D003E10D4 /* Debug */ = {
			isa = XCBuildConfiguration;
			buildSettings = {
				ALWAYS_EMBED_SWIFT_STANDARD_LIBRARIES = YES;
				BUNDLE_LOADER = "$(TEST_HOST)";
				CODE_SIGN_STYLE = Automatic;
				CURRENT_PROJECT_VERSION = 1;
				DEVELOPMENT_TEAM = ZDQ9CMTR26;
				GENERATE_INFOPLIST_FILE = YES;
				MACOSX_DEPLOYMENT_TARGET = 13.1;
				MARKETING_VERSION = 1.0;
				PRODUCT_BUNDLE_IDENTIFIER = "com.arunavoray.Nothing-X-MacOSTests";
				PRODUCT_NAME = "$(TARGET_NAME)";
				SWIFT_EMIT_LOC_STRINGS = NO;
				SWIFT_VERSION = 5.0;
				TEST_HOST = "$(BUILT_PRODUCTS_DIR)/Nothing X MacOS.app/$(BUNDLE_EXECUTABLE_FOLDER_PATH)/Nothing X MacOS";
			};
			name = Debug;
		};
		D60C148429697E7D003E10D4 /* Release */ = {
			isa = XCBuildConfiguration;
			buildSettings = {
				ALWAYS_EMBED_SWIFT_STANDARD_LIBRARIES = YES;
				BUNDLE_LOADER = "$(TEST_HOST)";
				CODE_SIGN_STYLE = Automatic;
				CURRENT_PROJECT_VERSION = 1;
				DEVELOPMENT_TEAM = ZDQ9CMTR26;
				GENERATE_INFOPLIST_FILE = YES;
				MACOSX_DEPLOYMENT_TARGET = 13.1;
				MARKETING_VERSION = 1.0;
				PRODUCT_BUNDLE_IDENTIFIER = "com.arunavoray.Nothing-X-MacOSTests";
				PRODUCT_NAME = "$(TARGET_NAME)";
				SWIFT_EMIT_LOC_STRINGS = NO;
				SWIFT_VERSION = 5.0;
				TEST_HOST = "$(BUILT_PRODUCTS_DIR)/Nothing X MacOS.app/$(BUNDLE_EXECUTABLE_FOLDER_PATH)/Nothing X MacOS";
			};
			name = Release;
		};
		D60C148629697E7D003E10D4 /* Debug */ = {
			isa = XCBuildConfiguration;
			buildSettings = {
				ALWAYS_EMBED_SWIFT_STANDARD_LIBRARIES = YES;
				CODE_SIGN_STYLE = Automatic;
				CURRENT_PROJECT_VERSION = 1;
				DEVELOPMENT_TEAM = ZDQ9CMTR26;
				GENERATE_INFOPLIST_FILE = YES;
				MARKETING_VERSION = 1.0;
				PRODUCT_BUNDLE_IDENTIFIER = "com.arunavoray.Nothing-X-MacOSUITests";
				PRODUCT_NAME = "$(TARGET_NAME)";
				SWIFT_EMIT_LOC_STRINGS = NO;
				SWIFT_VERSION = 5.0;
				TEST_TARGET_NAME = "Nothing X MacOS";
			};
			name = Debug;
		};
		D60C148729697E7D003E10D4 /* Release */ = {
			isa = XCBuildConfiguration;
			buildSettings = {
				ALWAYS_EMBED_SWIFT_STANDARD_LIBRARIES = YES;
				CODE_SIGN_STYLE = Automatic;
				CURRENT_PROJECT_VERSION = 1;
				DEVELOPMENT_TEAM = ZDQ9CMTR26;
				GENERATE_INFOPLIST_FILE = YES;
				MARKETING_VERSION = 1.0;
				PRODUCT_BUNDLE_IDENTIFIER = "com.arunavoray.Nothing-X-MacOSUITests";
				PRODUCT_NAME = "$(TARGET_NAME)";
				SWIFT_EMIT_LOC_STRINGS = NO;
				SWIFT_VERSION = 5.0;
				TEST_TARGET_NAME = "Nothing X MacOS";
			};
			name = Release;
		};
/* End XCBuildConfiguration section */

/* Begin XCConfigurationList section */
		D60C145529697E7B003E10D4 /* Build configuration list for PBXProject "Nothing X MacOS" */ = {
			isa = XCConfigurationList;
			buildConfigurations = (
				D60C147D29697E7D003E10D4 /* Debug */,
				D60C147E29697E7D003E10D4 /* Release */,
			);
			defaultConfigurationIsVisible = 0;
			defaultConfigurationName = Release;
		};
		D60C147F29697E7D003E10D4 /* Build configuration list for PBXNativeTarget "Nothing X MacOS" */ = {
			isa = XCConfigurationList;
			buildConfigurations = (
				D60C148029697E7D003E10D4 /* Debug */,
				D60C148129697E7D003E10D4 /* Release */,
			);
			defaultConfigurationIsVisible = 0;
			defaultConfigurationName = Release;
		};
		D60C148229697E7D003E10D4 /* Build configuration list for PBXNativeTarget "Nothing X MacOSTests" */ = {
			isa = XCConfigurationList;
			buildConfigurations = (
				D60C148329697E7D003E10D4 /* Debug */,
				D60C148429697E7D003E10D4 /* Release */,
			);
			defaultConfigurationIsVisible = 0;
			defaultConfigurationName = Release;
		};
		D60C148529697E7D003E10D4 /* Build configuration list for PBXNativeTarget "Nothing X MacOSUITests" */ = {
			isa = XCConfigurationList;
			buildConfigurations = (
				D60C148629697E7D003E10D4 /* Debug */,
				D60C148729697E7D003E10D4 /* Release */,
			);
			defaultConfigurationIsVisible = 0;
			defaultConfigurationName = Release;
		};
/* End XCConfigurationList section */
	};
	rootObject = D60C145229697E7B003E10D4 /* Project object */;
}
